
Microsoft Visual Studio Solution File, Format Version 12.00
# Visual Studio Version 17
VisualStudioVersion = 17.1.32228.430
MinimumVisualStudioVersion = 10.0.40219.1
Project("{9A19103F-16F7-4668-BE54-9A1E7A4F7556}") = "Quizapp", "Quizapp.csproj", "{B7D4CDC2-478B-4F18-B2FB-A5E920AE4B7E}"
EndProject
Project("{FAE04EC0-301F-11D3-BF4B-00C04F79EFBC}") = "Quizapp.Constants", "..\Quizapp.Constants\Quizapp.Constants.csproj", "{C654048E-E7F3-4DFA-A77F-D322752A7323}"
EndProject
Project("{FAE04EC0-301F-11D3-BF4B-00C04F79EFBC}") = "Quizapp.Services", "..\Quizapp.Services\Quizapp.Services.csproj", "{9E25BB83-1D9A-47E2-A59D-27E2286FCD3A}"
EndProject
Project("{FAE04EC0-301F-11D3-BF4B-00C04F79EFBC}") = "Quizapp.Utilities", "..\Quizapp.Utilities\Quizapp.Utilities.csproj", "{48394AFE-8322-43A9-8F5A-513EA083716A}"
EndProject
Project("{FAE04EC0-301F-11D3-BF4B-00C04F79EFBC}") = "Quizapp.ClassModels", "..\Quizapp.ClassModels\Quizapp.ClassModels.csproj", "{D6C37621-5BCF-4DD0-88F7-06DE9A0F84AD}"
EndProject
Global
	GlobalSection(SolutionConfigurationPlatforms) = preSolution
		Debug|Any CPU = Debug|Any CPU
		Release|Any CPU = Release|Any CPU
	EndGlobalSection
	GlobalSection(ProjectConfigurationPlatforms) = postSolution
		{B7D4CDC2-478B-4F18-B2FB-A5E920AE4B7E}.Debug|Any CPU.ActiveCfg = Debug|Any CPU
		{B7D4CDC2-478B-4F18-B2FB-A5E920AE4B7E}.Debug|Any CPU.Build.0 = Debug|Any CPU
		{B7D4CDC2-478B-4F18-B2FB-A5E920AE4B7E}.Release|Any CPU.ActiveCfg = Release|Any CPU
		{B7D4CDC2-478B-4F18-B2FB-A5E920AE4B7E}.Release|Any CPU.Build.0 = Release|Any CPU
		{C654048E-E7F3-4DFA-A77F-D322752A7323}.Debug|Any CPU.ActiveCfg = Debug|Any CPU
		{C654048E-E7F3-4DFA-A77F-D322752A7323}.Debug|Any CPU.Build.0 = Debug|Any CPU
		{C654048E-E7F3-4DFA-A77F-D322752A7323}.Release|Any CPU.ActiveCfg = Release|Any CPU
		{C654048E-E7F3-4DFA-A77F-D322752A7323}.Release|Any CPU.Build.0 = Release|Any CPU
		{9E25BB83-1D9A-47E2-A59D-27E2286FCD3A}.Debug|Any CPU.ActiveCfg = Debug|Any CPU
		{9E25BB83-1D9A-47E2-A59D-27E2286FCD3A}.Debug|Any CPU.Build.0 = Debug|Any CPU
		{9E25BB83-1D9A-47E2-A59D-27E2286FCD3A}.Release|Any CPU.ActiveCfg = Release|Any CPU
		{9E25BB83-1D9A-47E2-A59D-27E2286FCD3A}.Release|Any CPU.Build.0 = Release|Any CPU
		{48394AFE-8322-43A9-8F5A-513EA083716A}.Debug|Any CPU.ActiveCfg = Debug|Any CPU
		{48394AFE-8322-43A9-8F5A-513EA083716A}.Debug|Any CPU.Build.0 = Debug|Any CPU
		{48394AFE-8322-43A9-8F5A-513EA083716A}.Release|Any CPU.ActiveCfg = Release|Any CPU
		{48394AFE-8322-43A9-8F5A-513EA083716A}.Release|Any CPU.Build.0 = Release|Any CPU
		{D6C37621-5BCF-4DD0-88F7-06DE9A0F84AD}.Debug|Any CPU.ActiveCfg = Debug|Any CPU
		{D6C37621-5BCF-4DD0-88F7-06DE9A0F84AD}.Debug|Any CPU.Build.0 = Debug|Any CPU
		{D6C37621-5BCF-4DD0-88F7-06DE9A0F84AD}.Release|Any CPU.ActiveCfg = Release|Any CPU
		{D6C37621-5BCF-4DD0-88F7-06DE9A0F84AD}.Release|Any CPU.Build.0 = Release|Any CPU
	EndGlobalSection
	GlobalSection(SolutionProperties) = preSolution
		HideSolutionNode = FALSE
	EndGlobalSection
	GlobalSection(ExtensibilityGlobals) = postSolution
		SolutionGuid = {1F43D6FD-C34D-44B8-8F1A-234ACF61C74B}
	EndGlobalSection
EndGlobal
